
Microsoft Visual Studio Solution File, Format Version 12.00
# Visual Studio Version 17
VisualStudioVersion = 17.5.33516.290
MinimumVisualStudioVersion = 10.0.40219.1
Project("{FAE04EC0-301F-11D3-BF4B-00C04F79EFBC}") = "MyWebApplication", "MyWebApplication\MyWebApplication.csproj", "{04A4F138-E284-4475-897E-0554620BD3FD}"
EndProject
Global
	GlobalSection(SolutionConfigurationPlatforms) = preSolution
		Debug|Any CPU = Debug|Any CPU
		Release|Any CPU = Release|Any CPU
	EndGlobalSection
	GlobalSection(ProjectConfigurationPlatforms) = postSolution
		{04A4F138-E284-4475-897E-0554620BD3FD}.Debug|Any CPU.ActiveCfg = Debug|Any CPU
		{04A4F138-E284-4475-897E-0554620BD3FD}.Debug|Any CPU.Build.0 = Debug|Any CPU
		{04A4F138-E284-4475-897E-0554620BD3FD}.Release|Any CPU.ActiveCfg = Release|Any CPU
		{04A4F138-E284-4475-897E-0554620BD3FD}.Release|Any CPU.Build.0 = Release|Any CPU
	EndGlobalSection
	GlobalSection(SolutionProperties) = preSolution
		HideSolutionNode = FALSE
	EndGlobalSection
	GlobalSection(ExtensibilityGlobals) = postSolution
		SolutionGuid = {7F0ECE9A-C857-4D05-A38F-42F1BC70859B}
	EndGlobalSection
EndGlobal
